
Microsoft Visual Studio Solution File, Format Version 12.00
# Visual Studio Version 17
VisualStudioVersion = 17.14.36603.0 d17.14
MinimumVisualStudioVersion = 10.0.40219.1
Project("{FAE04EC0-301F-11D3-BF4B-00C04F79EFBC}") = "procviceni_zakladu", "procviceni_zakladu.csproj", "{0AF287B6-7B11-4FB5-8000-D43B0E8D7153}"
EndProject
Global
	GlobalSection(SolutionConfigurationPlatforms) = preSolution
		Debug|Any CPU = Debug|Any CPU
		Release|Any CPU = Release|Any CPU
	EndGlobalSection
	GlobalSection(ProjectConfigurationPlatforms) = postSolution
		{0AF287B6-7B11-4FB5-8000-D43B0E8D7153}.Debug|Any CPU.ActiveCfg = Debug|Any CPU
		{0AF287B6-7B11-4FB5-8000-D43B0E8D7153}.Debug|Any CPU.Build.0 = Debug|Any CPU
		{0AF287B6-7B11-4FB5-8000-D43B0E8D7153}.Release|Any CPU.ActiveCfg = Release|Any CPU
		{0AF287B6-7B11-4FB5-8000-D43B0E8D7153}.Release|Any CPU.Build.0 = Release|Any CPU
	EndGlobalSection
	GlobalSection(SolutionProperties) = preSolution
		HideSolutionNode = FALSE
	EndGlobalSection
	GlobalSection(ExtensibilityGlobals) = postSolution
		SolutionGuid = {398726B4-02D9-4F6D-8B22-4F8506C04C4B}
	EndGlobalSection
EndGlobal
