
Microsoft Visual Studio Solution File, Format Version 12.00
# Visual Studio Version 17
VisualStudioVersion = 17.14.36603.0 d17.14
MinimumVisualStudioVersion = 10.0.40219.1
Project("{FAE04EC0-301F-11D3-BF4B-00C04F79EFBC}") = "BVS", "BVS.csproj", "{2A8113C6-3683-439B-9033-86D45FA658C0}"
EndProject
Global
	GlobalSection(SolutionConfigurationPlatforms) = preSolution
		Debug|Any CPU = Debug|Any CPU
		Release|Any CPU = Release|Any CPU
	EndGlobalSection
	GlobalSection(ProjectConfigurationPlatforms) = postSolution
		{2A8113C6-3683-439B-9033-86D45FA658C0}.Debug|Any CPU.ActiveCfg = Debug|Any CPU
		{2A8113C6-3683-439B-9033-86D45FA658C0}.Debug|Any CPU.Build.0 = Debug|Any CPU
		{2A8113C6-3683-439B-9033-86D45FA658C0}.Release|Any CPU.ActiveCfg = Release|Any CPU
		{2A8113C6-3683-439B-9033-86D45FA658C0}.Release|Any CPU.Build.0 = Release|Any CPU
	EndGlobalSection
	GlobalSection(SolutionProperties) = preSolution
		HideSolutionNode = FALSE
	EndGlobalSection
	GlobalSection(ExtensibilityGlobals) = postSolution
		SolutionGuid = {717A1262-F0D5-47FF-B8A9-DBC62576E2BC}
	EndGlobalSection
EndGlobal
