
Microsoft Visual Studio Solution File, Format Version 12.00
# Visual Studio Version 17
VisualStudioVersion = 17.14.36603.0 d17.14
MinimumVisualStudioVersion = 10.0.40219.1
Project("{FAE04EC0-301F-11D3-BF4B-00C04F79EFBC}") = "ExpressionTree", "ExpressionTree.csproj", "{C66BB83F-8B82-4949-A6B0-C3864E33FB57}"
EndProject
Global
	GlobalSection(SolutionConfigurationPlatforms) = preSolution
		Debug|Any CPU = Debug|Any CPU
		Release|Any CPU = Release|Any CPU
	EndGlobalSection
	GlobalSection(ProjectConfigurationPlatforms) = postSolution
		{C66BB83F-8B82-4949-A6B0-C3864E33FB57}.Debug|Any CPU.ActiveCfg = Debug|Any CPU
		{C66BB83F-8B82-4949-A6B0-C3864E33FB57}.Debug|Any CPU.Build.0 = Debug|Any CPU
		{C66BB83F-8B82-4949-A6B0-C3864E33FB57}.Release|Any CPU.ActiveCfg = Release|Any CPU
		{C66BB83F-8B82-4949-A6B0-C3864E33FB57}.Release|Any CPU.Build.0 = Release|Any CPU
	EndGlobalSection
	GlobalSection(SolutionProperties) = preSolution
		HideSolutionNode = FALSE
	EndGlobalSection
	GlobalSection(ExtensibilityGlobals) = postSolution
		SolutionGuid = {03B9D459-6B9E-4DCC-A654-94B981B4BF27}
	EndGlobalSection
EndGlobal
